
Microsoft Visual Studio Solution File, Format Version 12.00
# Visual Studio Version 16
VisualStudioVersion = 16.0.30804.86
MinimumVisualStudioVersion = 10.0.40219.1
Project("{9A19103F-16F7-4668-BE54-9A1E7A4F7556}") = "TodoTree", "TodoTree\TodoTree.csproj", "{0C9D59B3-3B54-490C-A4F5-00EC7BEDA941}"
EndProject
Project("{9A19103F-16F7-4668-BE54-9A1E7A4F7556}") = "TodoTree.Cli", "TodoTree.Cli\TodoTree.Cli.csproj", "{F3579480-0812-4331-B0F9-5685B3BF72C7}"
EndProject
Project("{FAE04EC0-301F-11D3-BF4B-00C04F79EFBC}") = "TodoTree.Web", "TodoTree.Web\TodoTree.Web.csproj", "{C9651824-F7E4-4EB1-BDF2-257CBAC45E0B}"
EndProject
Global
	GlobalSection(SolutionConfigurationPlatforms) = preSolution
		Debug|Any CPU = Debug|Any CPU
		Release|Any CPU = Release|Any CPU
	EndGlobalSection
	GlobalSection(ProjectConfigurationPlatforms) = postSolution
		{0C9D59B3-3B54-490C-A4F5-00EC7BEDA941}.Debug|Any CPU.ActiveCfg = Debug|Any CPU
		{0C9D59B3-3B54-490C-A4F5-00EC7BEDA941}.Debug|Any CPU.Build.0 = Debug|Any CPU
		{0C9D59B3-3B54-490C-A4F5-00EC7BEDA941}.Release|Any CPU.ActiveCfg = Release|Any CPU
		{0C9D59B3-3B54-490C-A4F5-00EC7BEDA941}.Release|Any CPU.Build.0 = Release|Any CPU
		{F3579480-0812-4331-B0F9-5685B3BF72C7}.Debug|Any CPU.ActiveCfg = Debug|Any CPU
		{F3579480-0812-4331-B0F9-5685B3BF72C7}.Debug|Any CPU.Build.0 = Debug|Any CPU
		{F3579480-0812-4331-B0F9-5685B3BF72C7}.Release|Any CPU.ActiveCfg = Release|Any CPU
		{F3579480-0812-4331-B0F9-5685B3BF72C7}.Release|Any CPU.Build.0 = Release|Any CPU
		{C9651824-F7E4-4EB1-BDF2-257CBAC45E0B}.Debug|Any CPU.ActiveCfg = Debug|Any CPU
		{C9651824-F7E4-4EB1-BDF2-257CBAC45E0B}.Debug|Any CPU.Build.0 = Debug|Any CPU
		{C9651824-F7E4-4EB1-BDF2-257CBAC45E0B}.Release|Any CPU.ActiveCfg = Release|Any CPU
		{C9651824-F7E4-4EB1-BDF2-257CBAC45E0B}.Release|Any CPU.Build.0 = Release|Any CPU
	EndGlobalSection
	GlobalSection(SolutionProperties) = preSolution
		HideSolutionNode = FALSE
	EndGlobalSection
	GlobalSection(ExtensibilityGlobals) = postSolution
		SolutionGuid = {CA26CBDC-F186-4D09-83FE-CE9436F19FB7}
	EndGlobalSection
EndGlobal
